
Microsoft Visual Studio Solution File, Format Version 12.00
# Visual Studio Version 17
VisualStudioVersion = 17.1.32228.430
MinimumVisualStudioVersion = 10.0.40219.1
Project("{9A19103F-16F7-4668-BE54-9A1E7A4F7556}") = "Coco.API", "Coco.API\Coco.API.csproj", "{AB2264D7-8E05-49AC-9ABC-A3FEE8C57ABD}"
EndProject
Project("{FAE04EC0-301F-11D3-BF4B-00C04F79EFBC}") = "Coco.Services", "Coco.Services\Coco.Services.csproj", "{2950C49D-D1CB-4D47-8468-0CD71AC07EC3}"
EndProject
Project("{FAE04EC0-301F-11D3-BF4B-00C04F79EFBC}") = "Coco.Core", "Coco.Core\Coco.Core.csproj", "{5A0962A0-21BF-45FF-9748-736FE626BF45}"
EndProject
Project("{FAE04EC0-301F-11D3-BF4B-00C04F79EFBC}") = "Coco.Infraestructure", "Coco.Infraestructure\Coco.Infraestructure.csproj", "{852649E4-AA28-4667-8A18-6AB76420D378}"
EndProject
Global
	GlobalSection(SolutionConfigurationPlatforms) = preSolution
		Debug|Any CPU = Debug|Any CPU
		Release|Any CPU = Release|Any CPU
	EndGlobalSection
	GlobalSection(ProjectConfigurationPlatforms) = postSolution
		{AB2264D7-8E05-49AC-9ABC-A3FEE8C57ABD}.Debug|Any CPU.ActiveCfg = Debug|Any CPU
		{AB2264D7-8E05-49AC-9ABC-A3FEE8C57ABD}.Debug|Any CPU.Build.0 = Debug|Any CPU
		{AB2264D7-8E05-49AC-9ABC-A3FEE8C57ABD}.Release|Any CPU.ActiveCfg = Release|Any CPU
		{AB2264D7-8E05-49AC-9ABC-A3FEE8C57ABD}.Release|Any CPU.Build.0 = Release|Any CPU
		{2950C49D-D1CB-4D47-8468-0CD71AC07EC3}.Debug|Any CPU.ActiveCfg = Debug|Any CPU
		{2950C49D-D1CB-4D47-8468-0CD71AC07EC3}.Debug|Any CPU.Build.0 = Debug|Any CPU
		{2950C49D-D1CB-4D47-8468-0CD71AC07EC3}.Release|Any CPU.ActiveCfg = Release|Any CPU
		{2950C49D-D1CB-4D47-8468-0CD71AC07EC3}.Release|Any CPU.Build.0 = Release|Any CPU
		{5A0962A0-21BF-45FF-9748-736FE626BF45}.Debug|Any CPU.ActiveCfg = Debug|Any CPU
		{5A0962A0-21BF-45FF-9748-736FE626BF45}.Debug|Any CPU.Build.0 = Debug|Any CPU
		{5A0962A0-21BF-45FF-9748-736FE626BF45}.Release|Any CPU.ActiveCfg = Release|Any CPU
		{5A0962A0-21BF-45FF-9748-736FE626BF45}.Release|Any CPU.Build.0 = Release|Any CPU
		{852649E4-AA28-4667-8A18-6AB76420D378}.Debug|Any CPU.ActiveCfg = Debug|Any CPU
		{852649E4-AA28-4667-8A18-6AB76420D378}.Debug|Any CPU.Build.0 = Debug|Any CPU
		{852649E4-AA28-4667-8A18-6AB76420D378}.Release|Any CPU.ActiveCfg = Release|Any CPU
		{852649E4-AA28-4667-8A18-6AB76420D378}.Release|Any CPU.Build.0 = Release|Any CPU
	EndGlobalSection
	GlobalSection(SolutionProperties) = preSolution
		HideSolutionNode = FALSE
	EndGlobalSection
	GlobalSection(ExtensibilityGlobals) = postSolution
		SolutionGuid = {A6969CBA-E67D-4583-9C51-894E99DDBA74}
	EndGlobalSection
EndGlobal
